# This file is automatically @generated by Cargo.
# It is not intended for manual editing.
version = 4

[[package]]
name = "uniswap-v3-xrpl-adapter"
version = "0.1.0"
dependencies = [
 "uniswap-v3-xrpl-contract",
]

[[package]]
name = "uniswap-v3-xrpl-contract"
version = "0.1.0"
dependencies = [
 "xrpl-wasm-macros",
 "xrpl-wasm-std",
]

[[package]]
name = "xrpl-wasm-macros"
version = "0.1.0"

[[package]]
name = "xrpl-wasm-std"
version = "0.1.0"
